
Microsoft Visual Studio Solution File, Format Version 12.00
# Visual Studio Version 16
VisualStudioVersion = 16.0.30223.230
MinimumVisualStudioVersion = 10.0.40219.1
Project("{9A19103F-16F7-4668-BE54-9A1E7A4F7556}") = "Mmcc.Stats.Api", "Mmcc.Stats.Api\Mmcc.Stats.Api.csproj", "{FE44556F-F47E-481A-8B8B-72678C98A3A7}"
EndProject
Project("{FAE04EC0-301F-11D3-BF4B-00C04F79EFBC}") = "Mmcc.Stats.DataModels", "Mmcc.Stats.DataModels\Mmcc.Stats.DataModels.csproj", "{12C4E241-BCBE-491E-9D20-ED5975230CD4}"
EndProject
Project("{FAE04EC0-301F-11D3-BF4B-00C04F79EFBC}") = "Mmcc.Stats.Services", "Mmcc.Stats.Services\Mmcc.Stats.Services.csproj", "{041871E5-261C-4DA3-9C7A-51C46BA409DE}"
EndProject
Global
	GlobalSection(SolutionConfigurationPlatforms) = preSolution
		Debug|Any CPU = Debug|Any CPU
		Release|Any CPU = Release|Any CPU
	EndGlobalSection
	GlobalSection(ProjectConfigurationPlatforms) = postSolution
		{FE44556F-F47E-481A-8B8B-72678C98A3A7}.Debug|Any CPU.ActiveCfg = Debug|Any CPU
		{FE44556F-F47E-481A-8B8B-72678C98A3A7}.Debug|Any CPU.Build.0 = Debug|Any CPU
		{FE44556F-F47E-481A-8B8B-72678C98A3A7}.Release|Any CPU.ActiveCfg = Release|Any CPU
		{FE44556F-F47E-481A-8B8B-72678C98A3A7}.Release|Any CPU.Build.0 = Release|Any CPU
		{12C4E241-BCBE-491E-9D20-ED5975230CD4}.Debug|Any CPU.ActiveCfg = Debug|Any CPU
		{12C4E241-BCBE-491E-9D20-ED5975230CD4}.Debug|Any CPU.Build.0 = Debug|Any CPU
		{12C4E241-BCBE-491E-9D20-ED5975230CD4}.Release|Any CPU.ActiveCfg = Release|Any CPU
		{12C4E241-BCBE-491E-9D20-ED5975230CD4}.Release|Any CPU.Build.0 = Release|Any CPU
		{041871E5-261C-4DA3-9C7A-51C46BA409DE}.Debug|Any CPU.ActiveCfg = Debug|Any CPU
		{041871E5-261C-4DA3-9C7A-51C46BA409DE}.Debug|Any CPU.Build.0 = Debug|Any CPU
		{041871E5-261C-4DA3-9C7A-51C46BA409DE}.Release|Any CPU.ActiveCfg = Release|Any CPU
		{041871E5-261C-4DA3-9C7A-51C46BA409DE}.Release|Any CPU.Build.0 = Release|Any CPU
	EndGlobalSection
	GlobalSection(SolutionProperties) = preSolution
		HideSolutionNode = FALSE
	EndGlobalSection
	GlobalSection(ExtensibilityGlobals) = postSolution
		SolutionGuid = {6F8E45DD-ECF4-4189-A1C6-C4D39F08BF10}
	EndGlobalSection
EndGlobal
